
Microsoft Visual Studio Solution File, Format Version 12.00
# Visual Studio 15
VisualStudioVersion = 15.0.28010.2041
MinimumVisualStudioVersion = 10.0.40219.1
Project("{FAE04EC0-301F-11D3-BF4B-00C04F79EFBC}") = "Projeto - Churrasco", "Projeto - Churrasco\Projeto - Churrasco.csproj", "{5D5B3014-601B-4926-BCE5-0040A61FF328}"
EndProject
Global
	GlobalSection(SolutionConfigurationPlatforms) = preSolution
		Debug|Any CPU = Debug|Any CPU
		Release|Any CPU = Release|Any CPU
	EndGlobalSection
	GlobalSection(ProjectConfigurationPlatforms) = postSolution
		{5D5B3014-601B-4926-BCE5-0040A61FF328}.Debug|Any CPU.ActiveCfg = Debug|Any CPU
		{5D5B3014-601B-4926-BCE5-0040A61FF328}.Debug|Any CPU.Build.0 = Debug|Any CPU
		{5D5B3014-601B-4926-BCE5-0040A61FF328}.Release|Any CPU.ActiveCfg = Release|Any CPU
		{5D5B3014-601B-4926-BCE5-0040A61FF328}.Release|Any CPU.Build.0 = Release|Any CPU
	EndGlobalSection
	GlobalSection(SolutionProperties) = preSolution
		HideSolutionNode = FALSE
	EndGlobalSection
	GlobalSection(ExtensibilityGlobals) = postSolution
		SolutionGuid = {B7F17C91-232E-4E1E-8104-814F80D5C049}
	EndGlobalSection
EndGlobal
